
Microsoft Visual Studio Solution File, Format Version 12.00
# Visual Studio Version 16
VisualStudioVersion = 16.0.30413.136
MinimumVisualStudioVersion = 10.0.40219.1
Project("{FAE04EC0-301F-11D3-BF4B-00C04F79EFBC}") = "BookStore-API", "BookStore-API\BookStore-API.csproj", "{95470E25-56DE-4099-B8E0-36884B908BB0}"
EndProject
Global
	GlobalSection(SolutionConfigurationPlatforms) = preSolution
		Debug|Any CPU = Debug|Any CPU
		Release|Any CPU = Release|Any CPU
	EndGlobalSection
	GlobalSection(ProjectConfigurationPlatforms) = postSolution
		{95470E25-56DE-4099-B8E0-36884B908BB0}.Debug|Any CPU.ActiveCfg = Debug|Any CPU
		{95470E25-56DE-4099-B8E0-36884B908BB0}.Debug|Any CPU.Build.0 = Debug|Any CPU
		{95470E25-56DE-4099-B8E0-36884B908BB0}.Release|Any CPU.ActiveCfg = Release|Any CPU
		{95470E25-56DE-4099-B8E0-36884B908BB0}.Release|Any CPU.Build.0 = Release|Any CPU
	EndGlobalSection
	GlobalSection(SolutionProperties) = preSolution
		HideSolutionNode = FALSE
	EndGlobalSection
	GlobalSection(ExtensibilityGlobals) = postSolution
		SolutionGuid = {269BF96E-498F-4C9A-9AB7-4C6E2B0B9E6C}
	EndGlobalSection
EndGlobal
